
Microsoft Visual Studio Solution File, Format Version 12.00
# Visual Studio Version 17
VisualStudioVersion = 17.4.33110.190
MinimumVisualStudioVersion = 10.0.40219.1
Project("{FAE04EC0-301F-11D3-BF4B-00C04F79EFBC}") = "Chess", "Chess\Chess.csproj", "{485F0E3B-7B98-4317-BBEF-85129BEC2F62}"
EndProject
Project("{FAE04EC0-301F-11D3-BF4B-00C04F79EFBC}") = "Table", "Table\Table.csproj", "{6AC9A129-8160-4CCE-B73A-9F302FA5D6B3}"
EndProject
Project("{FAE04EC0-301F-11D3-BF4B-00C04F79EFBC}") = "Game", "Game\Game.csproj", "{BCE6D5D8-3859-4F45-A02A-82B4C3147A3D}"
EndProject
Global
	GlobalSection(SolutionConfigurationPlatforms) = preSolution
		Debug|Any CPU = Debug|Any CPU
		Release|Any CPU = Release|Any CPU
	EndGlobalSection
	GlobalSection(ProjectConfigurationPlatforms) = postSolution
		{485F0E3B-7B98-4317-BBEF-85129BEC2F62}.Debug|Any CPU.ActiveCfg = Debug|Any CPU
		{485F0E3B-7B98-4317-BBEF-85129BEC2F62}.Debug|Any CPU.Build.0 = Debug|Any CPU
		{485F0E3B-7B98-4317-BBEF-85129BEC2F62}.Release|Any CPU.ActiveCfg = Release|Any CPU
		{485F0E3B-7B98-4317-BBEF-85129BEC2F62}.Release|Any CPU.Build.0 = Release|Any CPU
		{6AC9A129-8160-4CCE-B73A-9F302FA5D6B3}.Debug|Any CPU.ActiveCfg = Debug|Any CPU
		{6AC9A129-8160-4CCE-B73A-9F302FA5D6B3}.Debug|Any CPU.Build.0 = Debug|Any CPU
		{6AC9A129-8160-4CCE-B73A-9F302FA5D6B3}.Release|Any CPU.ActiveCfg = Release|Any CPU
		{6AC9A129-8160-4CCE-B73A-9F302FA5D6B3}.Release|Any CPU.Build.0 = Release|Any CPU
		{BCE6D5D8-3859-4F45-A02A-82B4C3147A3D}.Debug|Any CPU.ActiveCfg = Debug|Any CPU
		{BCE6D5D8-3859-4F45-A02A-82B4C3147A3D}.Debug|Any CPU.Build.0 = Debug|Any CPU
		{BCE6D5D8-3859-4F45-A02A-82B4C3147A3D}.Release|Any CPU.ActiveCfg = Release|Any CPU
		{BCE6D5D8-3859-4F45-A02A-82B4C3147A3D}.Release|Any CPU.Build.0 = Release|Any CPU
	EndGlobalSection
	GlobalSection(SolutionProperties) = preSolution
		HideSolutionNode = FALSE
	EndGlobalSection
	GlobalSection(ExtensibilityGlobals) = postSolution
		SolutionGuid = {BF5C73CE-C130-4D0F-9DBC-7FDF8496F578}
	EndGlobalSection
EndGlobal
