
Microsoft Visual Studio Solution File, Format Version 12.00
# Visual Studio Version 17
VisualStudioVersion = 17.4.33110.190
MinimumVisualStudioVersion = 10.0.40219.1
Project("{9A19103F-16F7-4668-BE54-9A1E7A4F7556}") = "Chess", "Chess\Chess.csproj", "{485F0E3B-7B98-4317-BBEF-85129BEC2F62}"
EndProject
Project("{9A19103F-16F7-4668-BE54-9A1E7A4F7556}") = "Table", "Table\Table.csproj", "{6AC9A129-8160-4CCE-B73A-9F302FA5D6B3}"
EndProject
Project("{9A19103F-16F7-4668-BE54-9A1E7A4F7556}") = "Game", "Game\Game.csproj", "{BCE6D5D8-3859-4F45-A02A-82B4C3147A3D}"
EndProject
Project("{54435603-DBB4-11D2-8724-00A0C9A8B90C}") = "ChessSetup", "ChessSetup\ChessSetup.vdproj", "{9B23EB56-C727-4BD4-B465-F041B4FF2B7F}"
EndProject
Global
	GlobalSection(SolutionConfigurationPlatforms) = preSolution
		Debug|Any CPU = Debug|Any CPU
		Release|Any CPU = Release|Any CPU
	EndGlobalSection
	GlobalSection(ProjectConfigurationPlatforms) = postSolution
		{485F0E3B-7B98-4317-BBEF-85129BEC2F62}.Debug|Any CPU.ActiveCfg = Debug|Any CPU
		{485F0E3B-7B98-4317-BBEF-85129BEC2F62}.Debug|Any CPU.Build.0 = Debug|Any CPU
		{485F0E3B-7B98-4317-BBEF-85129BEC2F62}.Release|Any CPU.ActiveCfg = Release|Any CPU
		{485F0E3B-7B98-4317-BBEF-85129BEC2F62}.Release|Any CPU.Build.0 = Release|Any CPU
		{6AC9A129-8160-4CCE-B73A-9F302FA5D6B3}.Debug|Any CPU.ActiveCfg = Debug|Any CPU
		{6AC9A129-8160-4CCE-B73A-9F302FA5D6B3}.Debug|Any CPU.Build.0 = Debug|Any CPU
		{6AC9A129-8160-4CCE-B73A-9F302FA5D6B3}.Release|Any CPU.ActiveCfg = Release|Any CPU
		{6AC9A129-8160-4CCE-B73A-9F302FA5D6B3}.Release|Any CPU.Build.0 = Release|Any CPU
		{BCE6D5D8-3859-4F45-A02A-82B4C3147A3D}.Debug|Any CPU.ActiveCfg = Debug|Any CPU
		{BCE6D5D8-3859-4F45-A02A-82B4C3147A3D}.Debug|Any CPU.Build.0 = Debug|Any CPU
		{BCE6D5D8-3859-4F45-A02A-82B4C3147A3D}.Release|Any CPU.ActiveCfg = Release|Any CPU
		{BCE6D5D8-3859-4F45-A02A-82B4C3147A3D}.Release|Any CPU.Build.0 = Release|Any CPU
		{9B23EB56-C727-4BD4-B465-F041B4FF2B7F}.Debug|Any CPU.ActiveCfg = Debug
		{9B23EB56-C727-4BD4-B465-F041B4FF2B7F}.Release|Any CPU.ActiveCfg = Release
	EndGlobalSection
	GlobalSection(SolutionProperties) = preSolution
		HideSolutionNode = FALSE
	EndGlobalSection
	GlobalSection(ExtensibilityGlobals) = postSolution
		SolutionGuid = {BF5C73CE-C130-4D0F-9DBC-7FDF8496F578}
	EndGlobalSection
EndGlobal
